
Microsoft Visual Studio Solution File, Format Version 12.00
# Visual Studio Version 17
VisualStudioVersion = 17.13.35818.85
MinimumVisualStudioVersion = 10.0.40219.1
Project("{FAE04EC0-301F-11D3-BF4B-00C04F79EFBC}") = "BoluwatifeAssOne", "BoluwatifeAss1\BoluwatifeAssOne.csproj", "{CCBFA042-F64D-44F4-8F19-65BC5B27370B}"
EndProject
Global
	GlobalSection(SolutionConfigurationPlatforms) = preSolution
		Debug|Any CPU = Debug|Any CPU
		Release|Any CPU = Release|Any CPU
	EndGlobalSection
	GlobalSection(ProjectConfigurationPlatforms) = postSolution
		{CCBFA042-F64D-44F4-8F19-65BC5B27370B}.Debug|Any CPU.ActiveCfg = Debug|Any CPU
		{CCBFA042-F64D-44F4-8F19-65BC5B27370B}.Debug|Any CPU.Build.0 = Debug|Any CPU
		{CCBFA042-F64D-44F4-8F19-65BC5B27370B}.Release|Any CPU.ActiveCfg = Release|Any CPU
		{CCBFA042-F64D-44F4-8F19-65BC5B27370B}.Release|Any CPU.Build.0 = Release|Any CPU
	EndGlobalSection
	GlobalSection(SolutionProperties) = preSolution
		HideSolutionNode = FALSE
	EndGlobalSection
	GlobalSection(ExtensibilityGlobals) = postSolution
		SolutionGuid = {364ED40F-1FA1-4DD3-8631-1FFC2C1CB76A}
	EndGlobalSection
EndGlobal
